
Microsoft Visual Studio Solution File, Format Version 12.00
# Visual Studio 15
VisualStudioVersion = 15.0.28307.539
MinimumVisualStudioVersion = 10.0.40219.1
Project("{FAE04EC0-301F-11D3-BF4B-00C04F79EFBC}") = "Shop.Common", "Shop.Common\Shop.Common.csproj", "{26C4D212-E973-4C0A-952B-84871FE3A576}"
EndProject
Project("{2150E333-8FDC-42A3-9474-1A3956D46DE8}") = "Backend", "Backend", "{18D75F9C-1DB2-4033-A2C0-F37D4E51887B}"
EndProject
Project("{2150E333-8FDC-42A3-9474-1A3956D46DE8}") = "Frontend", "Frontend", "{68EFF120-962C-4AC8-8525-1FC7A08C8E39}"
EndProject
Project("{FAE04EC0-301F-11D3-BF4B-00C04F79EFBC}") = "Shop.Web", "Shop.Web\Shop.Web.csproj", "{036F8B0D-93EF-4B47-A6F7-2BF3841A66BE}"
EndProject
Project("{2150E333-8FDC-42A3-9474-1A3956D46DE8}") = "Forms", "Forms", "{2CD96ECC-513B-4168-867C-2B07605682C4}"
EndProject
Project("{2150E333-8FDC-42A3-9474-1A3956D46DE8}") = "Classic", "Classic", "{1140167C-D6A0-484D-93D8-88834B1A93B7}"
EndProject
Project("{FAE04EC0-301F-11D3-BF4B-00C04F79EFBC}") = "Shop.UIForms.Android", "Shop.UIForms\Shop.UIForms.Android\Shop.UIForms.Android.csproj", "{A19D8B62-B3B1-462D-87C6-B105A4C145C6}"
EndProject
Project("{FAE04EC0-301F-11D3-BF4B-00C04F79EFBC}") = "Shop.UIForms.iOS", "Shop.UIForms\Shop.UIForms.iOS\Shop.UIForms.iOS.csproj", "{26432457-4BDD-4DA6-A15A-66C14EDCAB60}"
EndProject
Project("{FAE04EC0-301F-11D3-BF4B-00C04F79EFBC}") = "Shop.UIForms.UWP", "Shop.UIForms\Shop.UIForms.UWP\Shop.UIForms.UWP.csproj", "{7BE3B9C6-3113-4A05-849D-165FE728A9AB}"
EndProject
Project("{FAE04EC0-301F-11D3-BF4B-00C04F79EFBC}") = "Shop.UIForms", "Shop.UIForms\Shop.UIForms\Shop.UIForms.csproj", "{1EEF042D-BBE7-4185-BE19-849A023E4163}"
EndProject
Project("{FAE04EC0-301F-11D3-BF4B-00C04F79EFBC}") = "Shop.UIClassic", "Shop.UIClassic\Shop.UIClassic.csproj", "{0155F29C-B482-4834-8360-95E0F19C5189}"
EndProject
Project("{FAE04EC0-301F-11D3-BF4B-00C04F79EFBC}") = "Shop.UIClassic.Android", "Shop.UIClassic.Android\Shop.UIClassic.Android.csproj", "{07F43D69-4680-4AE1-8A8C-337B9184210B}"
EndProject
Project("{FAE04EC0-301F-11D3-BF4B-00C04F79EFBC}") = "Shop.UIClassic.iOS", "Shop.UIClassic.iOS\Shop.UIClassic.iOS.csproj", "{80A96B52-6758-4BDB-B0B4-CEA4CA155C60}"
EndProject
Global
	GlobalSection(SolutionConfigurationPlatforms) = preSolution
		Ad-Hoc|Any CPU = Ad-Hoc|Any CPU
		Ad-Hoc|ARM = Ad-Hoc|ARM
		Ad-Hoc|iPhone = Ad-Hoc|iPhone
		Ad-Hoc|iPhoneSimulator = Ad-Hoc|iPhoneSimulator
		Ad-Hoc|x64 = Ad-Hoc|x64
		Ad-Hoc|x86 = Ad-Hoc|x86
		AppStore|Any CPU = AppStore|Any CPU
		AppStore|ARM = AppStore|ARM
		AppStore|iPhone = AppStore|iPhone
		AppStore|iPhoneSimulator = AppStore|iPhoneSimulator
		AppStore|x64 = AppStore|x64
		AppStore|x86 = AppStore|x86
		Debug|Any CPU = Debug|Any CPU
		Debug|ARM = Debug|ARM
		Debug|iPhone = Debug|iPhone
		Debug|iPhoneSimulator = Debug|iPhoneSimulator
		Debug|x64 = Debug|x64
		Debug|x86 = Debug|x86
		Release|Any CPU = Release|Any CPU
		Release|ARM = Release|ARM
		Release|iPhone = Release|iPhone
		Release|iPhoneSimulator = Release|iPhoneSimulator
		Release|x64 = Release|x64
		Release|x86 = Release|x86
	EndGlobalSection
	GlobalSection(ProjectConfigurationPlatforms) = postSolution
		{26C4D212-E973-4C0A-952B-84871FE3A576}.Ad-Hoc|Any CPU.ActiveCfg = Debug|Any CPU
		{26C4D212-E973-4C0A-952B-84871FE3A576}.Ad-Hoc|Any CPU.Build.0 = Debug|Any CPU
		{26C4D212-E973-4C0A-952B-84871FE3A576}.Ad-Hoc|ARM.ActiveCfg = Debug|Any CPU
		{26C4D212-E973-4C0A-952B-84871FE3A576}.Ad-Hoc|ARM.Build.0 = Debug|Any CPU
		{26C4D212-E973-4C0A-952B-84871FE3A576}.Ad-Hoc|iPhone.ActiveCfg = Debug|Any CPU
		{26C4D212-E973-4C0A-952B-84871FE3A576}.Ad-Hoc|iPhone.Build.0 = Debug|Any CPU
		{26C4D212-E973-4C0A-952B-84871FE3A576}.Ad-Hoc|iPhoneSimulator.ActiveCfg = Debug|Any CPU
		{26C4D212-E973-4C0A-952B-84871FE3A576}.Ad-Hoc|iPhoneSimulator.Build.0 = Debug|Any CPU
		{26C4D212-E973-4C0A-952B-84871FE3A576}.Ad-Hoc|x64.ActiveCfg = Debug|Any CPU
		{26C4D212-E973-4C0A-952B-84871FE3A576}.Ad-Hoc|x64.Build.0 = Debug|Any CPU
		{26C4D212-E973-4C0A-952B-84871FE3A576}.Ad-Hoc|x86.ActiveCfg = Debug|Any CPU
		{26C4D212-E973-4C0A-952B-84871FE3A576}.Ad-Hoc|x86.Build.0 = Debug|Any CPU
		{26C4D212-E973-4C0A-952B-84871FE3A576}.AppStore|Any CPU.ActiveCfg = Debug|Any CPU
		{26C4D212-E973-4C0A-952B-84871FE3A576}.AppStore|Any CPU.Build.0 = Debug|Any CPU
		{26C4D212-E973-4C0A-952B-84871FE3A576}.AppStore|ARM.ActiveCfg = Debug|Any CPU
		{26C4D212-E973-4C0A-952B-84871FE3A576}.AppStore|ARM.Build.0 = Debug|Any CPU
		{26C4D212-E973-4C0A-952B-84871FE3A576}.AppStore|iPhone.ActiveCfg = Debug|Any CPU
		{26C4D212-E973-4C0A-952B-84871FE3A576}.AppStore|iPhone.Build.0 = Debug|Any CPU
		{26C4D212-E973-4C0A-952B-84871FE3A576}.AppStore|iPhoneSimulator.ActiveCfg = Debug|Any CPU
		{26C4D212-E973-4C0A-952B-84871FE3A576}.AppStore|iPhoneSimulator.Build.0 = Debug|Any CPU
		{26C4D212-E973-4C0A-952B-84871FE3A576}.AppStore|x64.ActiveCfg = Debug|Any CPU
		{26C4D212-E973-4C0A-952B-84871FE3A576}.AppStore|x64.Build.0 = Debug|Any CPU
		{26C4D212-E973-4C0A-952B-84871FE3A576}.AppStore|x86.ActiveCfg = Debug|Any CPU
		{26C4D212-E973-4C0A-952B-84871FE3A576}.AppStore|x86.Build.0 = Debug|Any CPU
		{26C4D212-E973-4C0A-952B-84871FE3A576}.Debug|Any CPU.ActiveCfg = Debug|Any CPU
		{26C4D212-E973-4C0A-952B-84871FE3A576}.Debug|Any CPU.Build.0 = Debug|Any CPU
		{26C4D212-E973-4C0A-952B-84871FE3A576}.Debug|ARM.ActiveCfg = Debug|Any CPU
		{26C4D212-E973-4C0A-952B-84871FE3A576}.Debug|ARM.Build.0 = Debug|Any CPU
		{26C4D212-E973-4C0A-952B-84871FE3A576}.Debug|iPhone.ActiveCfg = Debug|Any CPU
		{26C4D212-E973-4C0A-952B-84871FE3A576}.Debug|iPhone.Build.0 = Debug|Any CPU
		{26C4D212-E973-4C0A-952B-84871FE3A576}.Debug|iPhoneSimulator.ActiveCfg = Debug|Any CPU
		{26C4D212-E973-4C0A-952B-84871FE3A576}.Debug|iPhoneSimulator.Build.0 = Debug|Any CPU
		{26C4D212-E973-4C0A-952B-84871FE3A576}.Debug|x64.ActiveCfg = Debug|Any CPU
		{26C4D212-E973-4C0A-952B-84871FE3A576}.Debug|x64.Build.0 = Debug|Any CPU
		{26C4D212-E973-4C0A-952B-84871FE3A576}.Debug|x86.ActiveCfg = Debug|Any CPU
		{26C4D212-E973-4C0A-952B-84871FE3A576}.Debug|x86.Build.0 = Debug|Any CPU
		{26C4D212-E973-4C0A-952B-84871FE3A576}.Release|Any CPU.ActiveCfg = Release|Any CPU
		{26C4D212-E973-4C0A-952B-84871FE3A576}.Release|Any CPU.Build.0 = Release|Any CPU
		{26C4D212-E973-4C0A-952B-84871FE3A576}.Release|ARM.ActiveCfg = Release|Any CPU
		{26C4D212-E973-4C0A-952B-84871FE3A576}.Release|ARM.Build.0 = Release|Any CPU
		{26C4D212-E973-4C0A-952B-84871FE3A576}.Release|iPhone.ActiveCfg = Release|Any CPU
		{26C4D212-E973-4C0A-952B-84871FE3A576}.Release|iPhone.Build.0 = Release|Any CPU
		{26C4D212-E973-4C0A-952B-84871FE3A576}.Release|iPhoneSimulator.ActiveCfg = Release|Any CPU
		{26C4D212-E973-4C0A-952B-84871FE3A576}.Release|iPhoneSimulator.Build.0 = Release|Any CPU
		{26C4D212-E973-4C0A-952B-84871FE3A576}.Release|x64.ActiveCfg = Release|Any CPU
		{26C4D212-E973-4C0A-952B-84871FE3A576}.Release|x64.Build.0 = Release|Any CPU
		{26C4D212-E973-4C0A-952B-84871FE3A576}.Release|x86.ActiveCfg = Release|Any CPU
		{26C4D212-E973-4C0A-952B-84871FE3A576}.Release|x86.Build.0 = Release|Any CPU
		{036F8B0D-93EF-4B47-A6F7-2BF3841A66BE}.Ad-Hoc|Any CPU.ActiveCfg = Debug|Any CPU
		{036F8B0D-93EF-4B47-A6F7-2BF3841A66BE}.Ad-Hoc|Any CPU.Build.0 = Debug|Any CPU
		{036F8B0D-93EF-4B47-A6F7-2BF3841A66BE}.Ad-Hoc|ARM.ActiveCfg = Debug|Any CPU
		{036F8B0D-93EF-4B47-A6F7-2BF3841A66BE}.Ad-Hoc|ARM.Build.0 = Debug|Any CPU
		{036F8B0D-93EF-4B47-A6F7-2BF3841A66BE}.Ad-Hoc|iPhone.ActiveCfg = Debug|Any CPU
		{036F8B0D-93EF-4B47-A6F7-2BF3841A66BE}.Ad-Hoc|iPhone.Build.0 = Debug|Any CPU
		{036F8B0D-93EF-4B47-A6F7-2BF3841A66BE}.Ad-Hoc|iPhoneSimulator.ActiveCfg = Debug|Any CPU
		{036F8B0D-93EF-4B47-A6F7-2BF3841A66BE}.Ad-Hoc|iPhoneSimulator.Build.0 = Debug|Any CPU
		{036F8B0D-93EF-4B47-A6F7-2BF3841A66BE}.Ad-Hoc|x64.ActiveCfg = Debug|Any CPU
		{036F8B0D-93EF-4B47-A6F7-2BF3841A66BE}.Ad-Hoc|x64.Build.0 = Debug|Any CPU
		{036F8B0D-93EF-4B47-A6F7-2BF3841A66BE}.Ad-Hoc|x86.ActiveCfg = Debug|Any CPU
		{036F8B0D-93EF-4B47-A6F7-2BF3841A66BE}.Ad-Hoc|x86.Build.0 = Debug|Any CPU
		{036F8B0D-93EF-4B47-A6F7-2BF3841A66BE}.AppStore|Any CPU.ActiveCfg = Debug|Any CPU
		{036F8B0D-93EF-4B47-A6F7-2BF3841A66BE}.AppStore|Any CPU.Build.0 = Debug|Any CPU
		{036F8B0D-93EF-4B47-A6F7-2BF3841A66BE}.AppStore|ARM.ActiveCfg = Debug|Any CPU
		{036F8B0D-93EF-4B47-A6F7-2BF3841A66BE}.AppStore|ARM.Build.0 = Debug|Any CPU
		{036F8B0D-93EF-4B47-A6F7-2BF3841A66BE}.AppStore|iPhone.ActiveCfg = Debug|Any CPU
		{036F8B0D-93EF-4B47-A6F7-2BF3841A66BE}.AppStore|iPhone.Build.0 = Debug|Any CPU
		{036F8B0D-93EF-4B47-A6F7-2BF3841A66BE}.AppStore|iPhoneSimulator.ActiveCfg = Debug|Any CPU
		{036F8B0D-93EF-4B47-A6F7-2BF3841A66BE}.AppStore|iPhoneSimulator.Build.0 = Debug|Any CPU
		{036F8B0D-93EF-4B47-A6F7-2BF3841A66BE}.AppStore|x64.ActiveCfg = Debug|Any CPU
		{036F8B0D-93EF-4B47-A6F7-2BF3841A66BE}.AppStore|x64.Build.0 = Debug|Any CPU
		{036F8B0D-93EF-4B47-A6F7-2BF3841A66BE}.AppStore|x86.ActiveCfg = Debug|Any CPU
		{036F8B0D-93EF-4B47-A6F7-2BF3841A66BE}.AppStore|x86.Build.0 = Debug|Any CPU
		{036F8B0D-93EF-4B47-A6F7-2BF3841A66BE}.Debug|Any CPU.ActiveCfg = Debug|Any CPU
		{036F8B0D-93EF-4B47-A6F7-2BF3841A66BE}.Debug|Any CPU.Build.0 = Debug|Any CPU
		{036F8B0D-93EF-4B47-A6F7-2BF3841A66BE}.Debug|ARM.ActiveCfg = Debug|Any CPU
		{036F8B0D-93EF-4B47-A6F7-2BF3841A66BE}.Debug|ARM.Build.0 = Debug|Any CPU
		{036F8B0D-93EF-4B47-A6F7-2BF3841A66BE}.Debug|iPhone.ActiveCfg = Debug|Any CPU
		{036F8B0D-93EF-4B47-A6F7-2BF3841A66BE}.Debug|iPhone.Build.0 = Debug|Any CPU
		{036F8B0D-93EF-4B47-A6F7-2BF3841A66BE}.Debug|iPhoneSimulator.ActiveCfg = Debug|Any CPU
		{036F8B0D-93EF-4B47-A6F7-2BF3841A66BE}.Debug|iPhoneSimulator.Build.0 = Debug|Any CPU
		{036F8B0D-93EF-4B47-A6F7-2BF3841A66BE}.Debug|x64.ActiveCfg = Debug|Any CPU
		{036F8B0D-93EF-4B47-A6F7-2BF3841A66BE}.Debug|x64.Build.0 = Debug|Any CPU
		{036F8B0D-93EF-4B47-A6F7-2BF3841A66BE}.Debug|x86.ActiveCfg = Debug|Any CPU
		{036F8B0D-93EF-4B47-A6F7-2BF3841A66BE}.Debug|x86.Build.0 = Debug|Any CPU
		{036F8B0D-93EF-4B47-A6F7-2BF3841A66BE}.Release|Any CPU.ActiveCfg = Release|Any CPU
		{036F8B0D-93EF-4B47-A6F7-2BF3841A66BE}.Release|Any CPU.Build.0 = Release|Any CPU
		{036F8B0D-93EF-4B47-A6F7-2BF3841A66BE}.Release|ARM.ActiveCfg = Release|Any CPU
		{036F8B0D-93EF-4B47-A6F7-2BF3841A66BE}.Release|ARM.Build.0 = Release|Any CPU
		{036F8B0D-93EF-4B47-A6F7-2BF3841A66BE}.Release|iPhone.ActiveCfg = Release|Any CPU
		{036F8B0D-93EF-4B47-A6F7-2BF3841A66BE}.Release|iPhone.Build.0 = Release|Any CPU
		{036F8B0D-93EF-4B47-A6F7-2BF3841A66BE}.Release|iPhoneSimulator.ActiveCfg = Release|Any CPU
		{036F8B0D-93EF-4B47-A6F7-2BF3841A66BE}.Release|iPhoneSimulator.Build.0 = Release|Any CPU
		{036F8B0D-93EF-4B47-A6F7-2BF3841A66BE}.Release|x64.ActiveCfg = Release|Any CPU
		{036F8B0D-93EF-4B47-A6F7-2BF3841A66BE}.Release|x64.Build.0 = Release|Any CPU
		{036F8B0D-93EF-4B47-A6F7-2BF3841A66BE}.Release|x86.ActiveCfg = Release|Any CPU
		{036F8B0D-93EF-4B47-A6F7-2BF3841A66BE}.Release|x86.Build.0 = Release|Any CPU
		{A19D8B62-B3B1-462D-87C6-B105A4C145C6}.Ad-Hoc|Any CPU.ActiveCfg = Release|Any CPU
		{A19D8B62-B3B1-462D-87C6-B105A4C145C6}.Ad-Hoc|Any CPU.Build.0 = Release|Any CPU
		{A19D8B62-B3B1-462D-87C6-B105A4C145C6}.Ad-Hoc|Any CPU.Deploy.0 = Release|Any CPU
		{A19D8B62-B3B1-462D-87C6-B105A4C145C6}.Ad-Hoc|ARM.ActiveCfg = Release|Any CPU
		{A19D8B62-B3B1-462D-87C6-B105A4C145C6}.Ad-Hoc|ARM.Build.0 = Release|Any CPU
		{A19D8B62-B3B1-462D-87C6-B105A4C145C6}.Ad-Hoc|ARM.Deploy.0 = Release|Any CPU
		{A19D8B62-B3B1-462D-87C6-B105A4C145C6}.Ad-Hoc|iPhone.ActiveCfg = Release|Any CPU
		{A19D8B62-B3B1-462D-87C6-B105A4C145C6}.Ad-Hoc|iPhone.Build.0 = Release|Any CPU
		{A19D8B62-B3B1-462D-87C6-B105A4C145C6}.Ad-Hoc|iPhone.Deploy.0 = Release|Any CPU
		{A19D8B62-B3B1-462D-87C6-B105A4C145C6}.Ad-Hoc|iPhoneSimulator.ActiveCfg = Release|Any CPU
		{A19D8B62-B3B1-462D-87C6-B105A4C145C6}.Ad-Hoc|iPhoneSimulator.Build.0 = Release|Any CPU
		{A19D8B62-B3B1-462D-87C6-B105A4C145C6}.Ad-Hoc|iPhoneSimulator.Deploy.0 = Release|Any CPU
		{A19D8B62-B3B1-462D-87C6-B105A4C145C6}.Ad-Hoc|x64.ActiveCfg = Release|Any CPU
		{A19D8B62-B3B1-462D-87C6-B105A4C145C6}.Ad-Hoc|x64.Build.0 = Release|Any CPU
		{A19D8B62-B3B1-462D-87C6-B105A4C145C6}.Ad-Hoc|x64.Deploy.0 = Release|Any CPU
		{A19D8B62-B3B1-462D-87C6-B105A4C145C6}.Ad-Hoc|x86.ActiveCfg = Release|Any CPU
		{A19D8B62-B3B1-462D-87C6-B105A4C145C6}.Ad-Hoc|x86.Build.0 = Release|Any CPU
		{A19D8B62-B3B1-462D-87C6-B105A4C145C6}.Ad-Hoc|x86.Deploy.0 = Release|Any CPU
		{A19D8B62-B3B1-462D-87C6-B105A4C145C6}.AppStore|Any CPU.ActiveCfg = Release|Any CPU
		{A19D8B62-B3B1-462D-87C6-B105A4C145C6}.AppStore|Any CPU.Build.0 = Release|Any CPU
		{A19D8B62-B3B1-462D-87C6-B105A4C145C6}.AppStore|Any CPU.Deploy.0 = Release|Any CPU
		{A19D8B62-B3B1-462D-87C6-B105A4C145C6}.AppStore|ARM.ActiveCfg = Release|Any CPU
		{A19D8B62-B3B1-462D-87C6-B105A4C145C6}.AppStore|ARM.Build.0 = Release|Any CPU
		{A19D8B62-B3B1-462D-87C6-B105A4C145C6}.AppStore|ARM.Deploy.0 = Release|Any CPU
		{A19D8B62-B3B1-462D-87C6-B105A4C145C6}.AppStore|iPhone.ActiveCfg = Release|Any CPU
		{A19D8B62-B3B1-462D-87C6-B105A4C145C6}.AppStore|iPhone.Build.0 = Release|Any CPU
		{A19D8B62-B3B1-462D-87C6-B105A4C145C6}.AppStore|iPhone.Deploy.0 = Release|Any CPU
		{A19D8B62-B3B1-462D-87C6-B105A4C145C6}.AppStore|iPhoneSimulator.ActiveCfg = Release|Any CPU
		{A19D8B62-B3B1-462D-87C6-B105A4C145C6}.AppStore|iPhoneSimulator.Build.0 = Release|Any CPU
		{A19D8B62-B3B1-462D-87C6-B105A4C145C6}.AppStore|iPhoneSimulator.Deploy.0 = Release|Any CPU
		{A19D8B62-B3B1-462D-87C6-B105A4C145C6}.AppStore|x64.ActiveCfg = Release|Any CPU
		{A19D8B62-B3B1-462D-87C6-B105A4C145C6}.AppStore|x64.Build.0 = Release|Any CPU
		{A19D8B62-B3B1-462D-87C6-B105A4C145C6}.AppStore|x64.Deploy.0 = Release|Any CPU
		{A19D8B62-B3B1-462D-87C6-B105A4C145C6}.AppStore|x86.ActiveCfg = Release|Any CPU
		{A19D8B62-B3B1-462D-87C6-B105A4C145C6}.AppStore|x86.Build.0 = Release|Any CPU
		{A19D8B62-B3B1-462D-87C6-B105A4C145C6}.AppStore|x86.Deploy.0 = Release|Any CPU
		{A19D8B62-B3B1-462D-87C6-B105A4C145C6}.Debug|Any CPU.ActiveCfg = Debug|Any CPU
		{A19D8B62-B3B1-462D-87C6-B105A4C145C6}.Debug|Any CPU.Build.0 = Debug|Any CPU
		{A19D8B62-B3B1-462D-87C6-B105A4C145C6}.Debug|Any CPU.Deploy.0 = Debug|Any CPU
		{A19D8B62-B3B1-462D-87C6-B105A4C145C6}.Debug|ARM.ActiveCfg = Debug|Any CPU
		{A19D8B62-B3B1-462D-87C6-B105A4C145C6}.Debug|ARM.Build.0 = Debug|Any CPU
		{A19D8B62-B3B1-462D-87C6-B105A4C145C6}.Debug|ARM.Deploy.0 = Debug|Any CPU
		{A19D8B62-B3B1-462D-87C6-B105A4C145C6}.Debug|iPhone.ActiveCfg = Debug|Any CPU
		{A19D8B62-B3B1-462D-87C6-B105A4C145C6}.Debug|iPhone.Build.0 = Debug|Any CPU
		{A19D8B62-B3B1-462D-87C6-B105A4C145C6}.Debug|iPhone.Deploy.0 = Debug|Any CPU
		{A19D8B62-B3B1-462D-87C6-B105A4C145C6}.Debug|iPhoneSimulator.ActiveCfg = Debug|Any CPU
		{A19D8B62-B3B1-462D-87C6-B105A4C145C6}.Debug|iPhoneSimulator.Build.0 = Debug|Any CPU
		{A19D8B62-B3B1-462D-87C6-B105A4C145C6}.Debug|iPhoneSimulator.Deploy.0 = Debug|Any CPU
		{A19D8B62-B3B1-462D-87C6-B105A4C145C6}.Debug|x64.ActiveCfg = Debug|Any CPU
		{A19D8B62-B3B1-462D-87C6-B105A4C145C6}.Debug|x64.Build.0 = Debug|Any CPU
		{A19D8B62-B3B1-462D-87C6-B105A4C145C6}.Debug|x64.Deploy.0 = Debug|Any CPU
		{A19D8B62-B3B1-462D-87C6-B105A4C145C6}.Debug|x86.ActiveCfg = Debug|Any CPU
		{A19D8B62-B3B1-462D-87C6-B105A4C145C6}.Debug|x86.Build.0 = Debug|Any CPU
		{A19D8B62-B3B1-462D-87C6-B105A4C145C6}.Debug|x86.Deploy.0 = Debug|Any CPU
		{A19D8B62-B3B1-462D-87C6-B105A4C145C6}.Release|Any CPU.ActiveCfg = Release|Any CPU
		{A19D8B62-B3B1-462D-87C6-B105A4C145C6}.Release|Any CPU.Build.0 = Release|Any CPU
		{A19D8B62-B3B1-462D-87C6-B105A4C145C6}.Release|Any CPU.Deploy.0 = Release|Any CPU
		{A19D8B62-B3B1-462D-87C6-B105A4C145C6}.Release|ARM.ActiveCfg = Release|Any CPU
		{A19D8B62-B3B1-462D-87C6-B105A4C145C6}.Release|ARM.Build.0 = Release|Any CPU
		{A19D8B62-B3B1-462D-87C6-B105A4C145C6}.Release|ARM.Deploy.0 = Release|Any CPU
		{A19D8B62-B3B1-462D-87C6-B105A4C145C6}.Release|iPhone.ActiveCfg = Release|Any CPU
		{A19D8B62-B3B1-462D-87C6-B105A4C145C6}.Release|iPhone.Build.0 = Release|Any CPU
		{A19D8B62-B3B1-462D-87C6-B105A4C145C6}.Release|iPhone.Deploy.0 = Release|Any CPU
		{A19D8B62-B3B1-462D-87C6-B105A4C145C6}.Release|iPhoneSimulator.ActiveCfg = Release|Any CPU
		{A19D8B62-B3B1-462D-87C6-B105A4C145C6}.Release|iPhoneSimulator.Build.0 = Release|Any CPU
		{A19D8B62-B3B1-462D-87C6-B105A4C145C6}.Release|iPhoneSimulator.Deploy.0 = Release|Any CPU
		{A19D8B62-B3B1-462D-87C6-B105A4C145C6}.Release|x64.ActiveCfg = Release|Any CPU
		{A19D8B62-B3B1-462D-87C6-B105A4C145C6}.Release|x64.Build.0 = Release|Any CPU
		{A19D8B62-B3B1-462D-87C6-B105A4C145C6}.Release|x64.Deploy.0 = Release|Any CPU
		{A19D8B62-B3B1-462D-87C6-B105A4C145C6}.Release|x86.ActiveCfg = Release|Any CPU
		{A19D8B62-B3B1-462D-87C6-B105A4C145C6}.Release|x86.Build.0 = Release|Any CPU
		{A19D8B62-B3B1-462D-87C6-B105A4C145C6}.Release|x86.Deploy.0 = Release|Any CPU
		{26432457-4BDD-4DA6-A15A-66C14EDCAB60}.Ad-Hoc|Any CPU.ActiveCfg = Ad-Hoc|iPhone
		{26432457-4BDD-4DA6-A15A-66C14EDCAB60}.Ad-Hoc|ARM.ActiveCfg = Ad-Hoc|iPhone
		{26432457-4BDD-4DA6-A15A-66C14EDCAB60}.Ad-Hoc|iPhone.ActiveCfg = Ad-Hoc|iPhone
		{26432457-4BDD-4DA6-A15A-66C14EDCAB60}.Ad-Hoc|iPhone.Build.0 = Ad-Hoc|iPhone
		{26432457-4BDD-4DA6-A15A-66C14EDCAB60}.Ad-Hoc|iPhoneSimulator.ActiveCfg = Ad-Hoc|iPhoneSimulator
		{26432457-4BDD-4DA6-A15A-66C14EDCAB60}.Ad-Hoc|iPhoneSimulator.Build.0 = Ad-Hoc|iPhoneSimulator
		{26432457-4BDD-4DA6-A15A-66C14EDCAB60}.Ad-Hoc|x64.ActiveCfg = Ad-Hoc|iPhone
		{26432457-4BDD-4DA6-A15A-66C14EDCAB60}.Ad-Hoc|x86.ActiveCfg = Ad-Hoc|iPhone
		{26432457-4BDD-4DA6-A15A-66C14EDCAB60}.AppStore|Any CPU.ActiveCfg = AppStore|iPhone
		{26432457-4BDD-4DA6-A15A-66C14EDCAB60}.AppStore|ARM.ActiveCfg = AppStore|iPhone
		{26432457-4BDD-4DA6-A15A-66C14EDCAB60}.AppStore|iPhone.ActiveCfg = AppStore|iPhone
		{26432457-4BDD-4DA6-A15A-66C14EDCAB60}.AppStore|iPhone.Build.0 = AppStore|iPhone
		{26432457-4BDD-4DA6-A15A-66C14EDCAB60}.AppStore|iPhoneSimulator.ActiveCfg = AppStore|iPhoneSimulator
		{26432457-4BDD-4DA6-A15A-66C14EDCAB60}.AppStore|iPhoneSimulator.Build.0 = AppStore|iPhoneSimulator
		{26432457-4BDD-4DA6-A15A-66C14EDCAB60}.AppStore|x64.ActiveCfg = AppStore|iPhone
		{26432457-4BDD-4DA6-A15A-66C14EDCAB60}.AppStore|x86.ActiveCfg = AppStore|iPhone
		{26432457-4BDD-4DA6-A15A-66C14EDCAB60}.Debug|Any CPU.ActiveCfg = Debug|iPhone
		{26432457-4BDD-4DA6-A15A-66C14EDCAB60}.Debug|ARM.ActiveCfg = Debug|iPhone
		{26432457-4BDD-4DA6-A15A-66C14EDCAB60}.Debug|iPhone.ActiveCfg = Debug|iPhone
		{26432457-4BDD-4DA6-A15A-66C14EDCAB60}.Debug|iPhone.Build.0 = Debug|iPhone
		{26432457-4BDD-4DA6-A15A-66C14EDCAB60}.Debug|iPhoneSimulator.ActiveCfg = Debug|iPhoneSimulator
		{26432457-4BDD-4DA6-A15A-66C14EDCAB60}.Debug|iPhoneSimulator.Build.0 = Debug|iPhoneSimulator
		{26432457-4BDD-4DA6-A15A-66C14EDCAB60}.Debug|x64.ActiveCfg = Debug|iPhone
		{26432457-4BDD-4DA6-A15A-66C14EDCAB60}.Debug|x86.ActiveCfg = Debug|iPhone
		{26432457-4BDD-4DA6-A15A-66C14EDCAB60}.Release|Any CPU.ActiveCfg = Release|iPhone
		{26432457-4BDD-4DA6-A15A-66C14EDCAB60}.Release|ARM.ActiveCfg = Release|iPhone
		{26432457-4BDD-4DA6-A15A-66C14EDCAB60}.Release|iPhone.ActiveCfg = Release|iPhone
		{26432457-4BDD-4DA6-A15A-66C14EDCAB60}.Release|iPhone.Build.0 = Release|iPhone
		{26432457-4BDD-4DA6-A15A-66C14EDCAB60}.Release|iPhoneSimulator.ActiveCfg = Release|iPhoneSimulator
		{26432457-4BDD-4DA6-A15A-66C14EDCAB60}.Release|iPhoneSimulator.Build.0 = Release|iPhoneSimulator
		{26432457-4BDD-4DA6-A15A-66C14EDCAB60}.Release|x64.ActiveCfg = Release|iPhone
		{26432457-4BDD-4DA6-A15A-66C14EDCAB60}.Release|x86.ActiveCfg = Release|iPhone
		{7BE3B9C6-3113-4A05-849D-165FE728A9AB}.Ad-Hoc|Any CPU.ActiveCfg = Release|x86
		{7BE3B9C6-3113-4A05-849D-165FE728A9AB}.Ad-Hoc|Any CPU.Build.0 = Release|x86
		{7BE3B9C6-3113-4A05-849D-165FE728A9AB}.Ad-Hoc|Any CPU.Deploy.0 = Release|x86
		{7BE3B9C6-3113-4A05-849D-165FE728A9AB}.Ad-Hoc|ARM.ActiveCfg = Release|ARM
		{7BE3B9C6-3113-4A05-849D-165FE728A9AB}.Ad-Hoc|ARM.Build.0 = Release|ARM
		{7BE3B9C6-3113-4A05-849D-165FE728A9AB}.Ad-Hoc|ARM.Deploy.0 = Release|ARM
		{7BE3B9C6-3113-4A05-849D-165FE728A9AB}.Ad-Hoc|iPhone.ActiveCfg = Release|x86
		{7BE3B9C6-3113-4A05-849D-165FE728A9AB}.Ad-Hoc|iPhone.Build.0 = Release|x86
		{7BE3B9C6-3113-4A05-849D-165FE728A9AB}.Ad-Hoc|iPhone.Deploy.0 = Release|x86
		{7BE3B9C6-3113-4A05-849D-165FE728A9AB}.Ad-Hoc|iPhoneSimulator.ActiveCfg = Release|x86
		{7BE3B9C6-3113-4A05-849D-165FE728A9AB}.Ad-Hoc|iPhoneSimulator.Build.0 = Release|x86
		{7BE3B9C6-3113-4A05-849D-165FE728A9AB}.Ad-Hoc|iPhoneSimulator.Deploy.0 = Release|x86
		{7BE3B9C6-3113-4A05-849D-165FE728A9AB}.Ad-Hoc|x64.ActiveCfg = Release|x64
		{7BE3B9C6-3113-4A05-849D-165FE728A9AB}.Ad-Hoc|x64.Build.0 = Release|x64
		{7BE3B9C6-3113-4A05-849D-165FE728A9AB}.Ad-Hoc|x64.Deploy.0 = Release|x64
		{7BE3B9C6-3113-4A05-849D-165FE728A9AB}.Ad-Hoc|x86.ActiveCfg = Release|x86
		{7BE3B9C6-3113-4A05-849D-165FE728A9AB}.Ad-Hoc|x86.Build.0 = Release|x86
		{7BE3B9C6-3113-4A05-849D-165FE728A9AB}.Ad-Hoc|x86.Deploy.0 = Release|x86
		{7BE3B9C6-3113-4A05-849D-165FE728A9AB}.AppStore|Any CPU.ActiveCfg = Release|x86
		{7BE3B9C6-3113-4A05-849D-165FE728A9AB}.AppStore|Any CPU.Build.0 = Release|x86
		{7BE3B9C6-3113-4A05-849D-165FE728A9AB}.AppStore|Any CPU.Deploy.0 = Release|x86
		{7BE3B9C6-3113-4A05-849D-165FE728A9AB}.AppStore|ARM.ActiveCfg = Release|ARM
		{7BE3B9C6-3113-4A05-849D-165FE728A9AB}.AppStore|ARM.Build.0 = Release|ARM
		{7BE3B9C6-3113-4A05-849D-165FE728A9AB}.AppStore|ARM.Deploy.0 = Release|ARM
		{7BE3B9C6-3113-4A05-849D-165FE728A9AB}.AppStore|iPhone.ActiveCfg = Release|x86
		{7BE3B9C6-3113-4A05-849D-165FE728A9AB}.AppStore|iPhone.Build.0 = Release|x86
		{7BE3B9C6-3113-4A05-849D-165FE728A9AB}.AppStore|iPhone.Deploy.0 = Release|x86
		{7BE3B9C6-3113-4A05-849D-165FE728A9AB}.AppStore|iPhoneSimulator.ActiveCfg = Release|x86
		{7BE3B9C6-3113-4A05-849D-165FE728A9AB}.AppStore|iPhoneSimulator.Build.0 = Release|x86
		{7BE3B9C6-3113-4A05-849D-165FE728A9AB}.AppStore|iPhoneSimulator.Deploy.0 = Release|x86
		{7BE3B9C6-3113-4A05-849D-165FE728A9AB}.AppStore|x64.ActiveCfg = Release|x64
		{7BE3B9C6-3113-4A05-849D-165FE728A9AB}.AppStore|x64.Build.0 = Release|x64
		{7BE3B9C6-3113-4A05-849D-165FE728A9AB}.AppStore|x64.Deploy.0 = Release|x64
		{7BE3B9C6-3113-4A05-849D-165FE728A9AB}.AppStore|x86.ActiveCfg = Release|x86
		{7BE3B9C6-3113-4A05-849D-165FE728A9AB}.AppStore|x86.Build.0 = Release|x86
		{7BE3B9C6-3113-4A05-849D-165FE728A9AB}.AppStore|x86.Deploy.0 = Release|x86
		{7BE3B9C6-3113-4A05-849D-165FE728A9AB}.Debug|Any CPU.ActiveCfg = Debug|x86
		{7BE3B9C6-3113-4A05-849D-165FE728A9AB}.Debug|ARM.ActiveCfg = Debug|ARM
		{7BE3B9C6-3113-4A05-849D-165FE728A9AB}.Debug|ARM.Build.0 = Debug|ARM
		{7BE3B9C6-3113-4A05-849D-165FE728A9AB}.Debug|ARM.Deploy.0 = Debug|ARM
		{7BE3B9C6-3113-4A05-849D-165FE728A9AB}.Debug|iPhone.ActiveCfg = Debug|x86
		{7BE3B9C6-3113-4A05-849D-165FE728A9AB}.Debug|iPhoneSimulator.ActiveCfg = Debug|x86
		{7BE3B9C6-3113-4A05-849D-165FE728A9AB}.Debug|x64.ActiveCfg = Debug|x64
		{7BE3B9C6-3113-4A05-849D-165FE728A9AB}.Debug|x64.Build.0 = Debug|x64
		{7BE3B9C6-3113-4A05-849D-165FE728A9AB}.Debug|x64.Deploy.0 = Debug|x64
		{7BE3B9C6-3113-4A05-849D-165FE728A9AB}.Debug|x86.ActiveCfg = Debug|x86
		{7BE3B9C6-3113-4A05-849D-165FE728A9AB}.Debug|x86.Build.0 = Debug|x86
		{7BE3B9C6-3113-4A05-849D-165FE728A9AB}.Debug|x86.Deploy.0 = Debug|x86
		{7BE3B9C6-3113-4A05-849D-165FE728A9AB}.Release|Any CPU.ActiveCfg = Release|x86
		{7BE3B9C6-3113-4A05-849D-165FE728A9AB}.Release|ARM.ActiveCfg = Release|ARM
		{7BE3B9C6-3113-4A05-849D-165FE728A9AB}.Release|ARM.Build.0 = Release|ARM
		{7BE3B9C6-3113-4A05-849D-165FE728A9AB}.Release|ARM.Deploy.0 = Release|ARM
		{7BE3B9C6-3113-4A05-849D-165FE728A9AB}.Release|iPhone.ActiveCfg = Release|x86
		{7BE3B9C6-3113-4A05-849D-165FE728A9AB}.Release|iPhoneSimulator.ActiveCfg = Release|x86
		{7BE3B9C6-3113-4A05-849D-165FE728A9AB}.Release|x64.ActiveCfg = Release|x64
		{7BE3B9C6-3113-4A05-849D-165FE728A9AB}.Release|x64.Build.0 = Release|x64
		{7BE3B9C6-3113-4A05-849D-165FE728A9AB}.Release|x64.Deploy.0 = Release|x64
		{7BE3B9C6-3113-4A05-849D-165FE728A9AB}.Release|x86.ActiveCfg = Release|x86
		{7BE3B9C6-3113-4A05-849D-165FE728A9AB}.Release|x86.Build.0 = Release|x86
		{7BE3B9C6-3113-4A05-849D-165FE728A9AB}.Release|x86.Deploy.0 = Release|x86
		{1EEF042D-BBE7-4185-BE19-849A023E4163}.Ad-Hoc|Any CPU.ActiveCfg = Debug|Any CPU
		{1EEF042D-BBE7-4185-BE19-849A023E4163}.Ad-Hoc|Any CPU.Build.0 = Debug|Any CPU
		{1EEF042D-BBE7-4185-BE19-849A023E4163}.Ad-Hoc|ARM.ActiveCfg = Debug|Any CPU
		{1EEF042D-BBE7-4185-BE19-849A023E4163}.Ad-Hoc|ARM.Build.0 = Debug|Any CPU
		{1EEF042D-BBE7-4185-BE19-849A023E4163}.Ad-Hoc|iPhone.ActiveCfg = Debug|Any CPU
		{1EEF042D-BBE7-4185-BE19-849A023E4163}.Ad-Hoc|iPhone.Build.0 = Debug|Any CPU
		{1EEF042D-BBE7-4185-BE19-849A023E4163}.Ad-Hoc|iPhoneSimulator.ActiveCfg = Debug|Any CPU
		{1EEF042D-BBE7-4185-BE19-849A023E4163}.Ad-Hoc|iPhoneSimulator.Build.0 = Debug|Any CPU
		{1EEF042D-BBE7-4185-BE19-849A023E4163}.Ad-Hoc|x64.ActiveCfg = Debug|Any CPU
		{1EEF042D-BBE7-4185-BE19-849A023E4163}.Ad-Hoc|x64.Build.0 = Debug|Any CPU
		{1EEF042D-BBE7-4185-BE19-849A023E4163}.Ad-Hoc|x86.ActiveCfg = Debug|Any CPU
		{1EEF042D-BBE7-4185-BE19-849A023E4163}.Ad-Hoc|x86.Build.0 = Debug|Any CPU
		{1EEF042D-BBE7-4185-BE19-849A023E4163}.AppStore|Any CPU.ActiveCfg = Debug|Any CPU
		{1EEF042D-BBE7-4185-BE19-849A023E4163}.AppStore|Any CPU.Build.0 = Debug|Any CPU
		{1EEF042D-BBE7-4185-BE19-849A023E4163}.AppStore|ARM.ActiveCfg = Debug|Any CPU
		{1EEF042D-BBE7-4185-BE19-849A023E4163}.AppStore|ARM.Build.0 = Debug|Any CPU
		{1EEF042D-BBE7-4185-BE19-849A023E4163}.AppStore|iPhone.ActiveCfg = Debug|Any CPU
		{1EEF042D-BBE7-4185-BE19-849A023E4163}.AppStore|iPhone.Build.0 = Debug|Any CPU
		{1EEF042D-BBE7-4185-BE19-849A023E4163}.AppStore|iPhoneSimulator.ActiveCfg = Debug|Any CPU
		{1EEF042D-BBE7-4185-BE19-849A023E4163}.AppStore|iPhoneSimulator.Build.0 = Debug|Any CPU
		{1EEF042D-BBE7-4185-BE19-849A023E4163}.AppStore|x64.ActiveCfg = Debug|Any CPU
		{1EEF042D-BBE7-4185-BE19-849A023E4163}.AppStore|x64.Build.0 = Debug|Any CPU
		{1EEF042D-BBE7-4185-BE19-849A023E4163}.AppStore|x86.ActiveCfg = Debug|Any CPU
		{1EEF042D-BBE7-4185-BE19-849A023E4163}.AppStore|x86.Build.0 = Debug|Any CPU
		{1EEF042D-BBE7-4185-BE19-849A023E4163}.Debug|Any CPU.ActiveCfg = Debug|Any CPU
		{1EEF042D-BBE7-4185-BE19-849A023E4163}.Debug|Any CPU.Build.0 = Debug|Any CPU
		{1EEF042D-BBE7-4185-BE19-849A023E4163}.Debug|ARM.ActiveCfg = Debug|Any CPU
		{1EEF042D-BBE7-4185-BE19-849A023E4163}.Debug|ARM.Build.0 = Debug|Any CPU
		{1EEF042D-BBE7-4185-BE19-849A023E4163}.Debug|iPhone.ActiveCfg = Debug|Any CPU
		{1EEF042D-BBE7-4185-BE19-849A023E4163}.Debug|iPhone.Build.0 = Debug|Any CPU
		{1EEF042D-BBE7-4185-BE19-849A023E4163}.Debug|iPhoneSimulator.ActiveCfg = Debug|Any CPU
		{1EEF042D-BBE7-4185-BE19-849A023E4163}.Debug|iPhoneSimulator.Build.0 = Debug|Any CPU
		{1EEF042D-BBE7-4185-BE19-849A023E4163}.Debug|x64.ActiveCfg = Debug|Any CPU
		{1EEF042D-BBE7-4185-BE19-849A023E4163}.Debug|x64.Build.0 = Debug|Any CPU
		{1EEF042D-BBE7-4185-BE19-849A023E4163}.Debug|x86.ActiveCfg = Debug|Any CPU
		{1EEF042D-BBE7-4185-BE19-849A023E4163}.Debug|x86.Build.0 = Debug|Any CPU
		{1EEF042D-BBE7-4185-BE19-849A023E4163}.Release|Any CPU.ActiveCfg = Release|Any CPU
		{1EEF042D-BBE7-4185-BE19-849A023E4163}.Release|Any CPU.Build.0 = Release|Any CPU
		{1EEF042D-BBE7-4185-BE19-849A023E4163}.Release|ARM.ActiveCfg = Release|Any CPU
		{1EEF042D-BBE7-4185-BE19-849A023E4163}.Release|ARM.Build.0 = Release|Any CPU
		{1EEF042D-BBE7-4185-BE19-849A023E4163}.Release|iPhone.ActiveCfg = Release|Any CPU
		{1EEF042D-BBE7-4185-BE19-849A023E4163}.Release|iPhone.Build.0 = Release|Any CPU
		{1EEF042D-BBE7-4185-BE19-849A023E4163}.Release|iPhoneSimulator.ActiveCfg = Release|Any CPU
		{1EEF042D-BBE7-4185-BE19-849A023E4163}.Release|iPhoneSimulator.Build.0 = Release|Any CPU
		{1EEF042D-BBE7-4185-BE19-849A023E4163}.Release|x64.ActiveCfg = Release|Any CPU
		{1EEF042D-BBE7-4185-BE19-849A023E4163}.Release|x64.Build.0 = Release|Any CPU
		{1EEF042D-BBE7-4185-BE19-849A023E4163}.Release|x86.ActiveCfg = Release|Any CPU
		{1EEF042D-BBE7-4185-BE19-849A023E4163}.Release|x86.Build.0 = Release|Any CPU
		{0155F29C-B482-4834-8360-95E0F19C5189}.Ad-Hoc|Any CPU.ActiveCfg = Debug|Any CPU
		{0155F29C-B482-4834-8360-95E0F19C5189}.Ad-Hoc|Any CPU.Build.0 = Debug|Any CPU
		{0155F29C-B482-4834-8360-95E0F19C5189}.Ad-Hoc|ARM.ActiveCfg = Debug|Any CPU
		{0155F29C-B482-4834-8360-95E0F19C5189}.Ad-Hoc|ARM.Build.0 = Debug|Any CPU
		{0155F29C-B482-4834-8360-95E0F19C5189}.Ad-Hoc|iPhone.ActiveCfg = Debug|Any CPU
		{0155F29C-B482-4834-8360-95E0F19C5189}.Ad-Hoc|iPhone.Build.0 = Debug|Any CPU
		{0155F29C-B482-4834-8360-95E0F19C5189}.Ad-Hoc|iPhoneSimulator.ActiveCfg = Debug|Any CPU
		{0155F29C-B482-4834-8360-95E0F19C5189}.Ad-Hoc|iPhoneSimulator.Build.0 = Debug|Any CPU
		{0155F29C-B482-4834-8360-95E0F19C5189}.Ad-Hoc|x64.ActiveCfg = Debug|Any CPU
		{0155F29C-B482-4834-8360-95E0F19C5189}.Ad-Hoc|x64.Build.0 = Debug|Any CPU
		{0155F29C-B482-4834-8360-95E0F19C5189}.Ad-Hoc|x86.ActiveCfg = Debug|Any CPU
		{0155F29C-B482-4834-8360-95E0F19C5189}.Ad-Hoc|x86.Build.0 = Debug|Any CPU
		{0155F29C-B482-4834-8360-95E0F19C5189}.AppStore|Any CPU.ActiveCfg = Debug|Any CPU
		{0155F29C-B482-4834-8360-95E0F19C5189}.AppStore|Any CPU.Build.0 = Debug|Any CPU
		{0155F29C-B482-4834-8360-95E0F19C5189}.AppStore|ARM.ActiveCfg = Debug|Any CPU
		{0155F29C-B482-4834-8360-95E0F19C5189}.AppStore|ARM.Build.0 = Debug|Any CPU
		{0155F29C-B482-4834-8360-95E0F19C5189}.AppStore|iPhone.ActiveCfg = Debug|Any CPU
		{0155F29C-B482-4834-8360-95E0F19C5189}.AppStore|iPhone.Build.0 = Debug|Any CPU
		{0155F29C-B482-4834-8360-95E0F19C5189}.AppStore|iPhoneSimulator.ActiveCfg = Debug|Any CPU
		{0155F29C-B482-4834-8360-95E0F19C5189}.AppStore|iPhoneSimulator.Build.0 = Debug|Any CPU
		{0155F29C-B482-4834-8360-95E0F19C5189}.AppStore|x64.ActiveCfg = Debug|Any CPU
		{0155F29C-B482-4834-8360-95E0F19C5189}.AppStore|x64.Build.0 = Debug|Any CPU
		{0155F29C-B482-4834-8360-95E0F19C5189}.AppStore|x86.ActiveCfg = Debug|Any CPU
		{0155F29C-B482-4834-8360-95E0F19C5189}.AppStore|x86.Build.0 = Debug|Any CPU
		{0155F29C-B482-4834-8360-95E0F19C5189}.Debug|Any CPU.ActiveCfg = Debug|Any CPU
		{0155F29C-B482-4834-8360-95E0F19C5189}.Debug|Any CPU.Build.0 = Debug|Any CPU
		{0155F29C-B482-4834-8360-95E0F19C5189}.Debug|ARM.ActiveCfg = Debug|Any CPU
		{0155F29C-B482-4834-8360-95E0F19C5189}.Debug|ARM.Build.0 = Debug|Any CPU
		{0155F29C-B482-4834-8360-95E0F19C5189}.Debug|iPhone.ActiveCfg = Debug|Any CPU
		{0155F29C-B482-4834-8360-95E0F19C5189}.Debug|iPhone.Build.0 = Debug|Any CPU
		{0155F29C-B482-4834-8360-95E0F19C5189}.Debug|iPhoneSimulator.ActiveCfg = Debug|Any CPU
		{0155F29C-B482-4834-8360-95E0F19C5189}.Debug|iPhoneSimulator.Build.0 = Debug|Any CPU
		{0155F29C-B482-4834-8360-95E0F19C5189}.Debug|x64.ActiveCfg = Debug|Any CPU
		{0155F29C-B482-4834-8360-95E0F19C5189}.Debug|x64.Build.0 = Debug|Any CPU
		{0155F29C-B482-4834-8360-95E0F19C5189}.Debug|x86.ActiveCfg = Debug|Any CPU
		{0155F29C-B482-4834-8360-95E0F19C5189}.Debug|x86.Build.0 = Debug|Any CPU
		{0155F29C-B482-4834-8360-95E0F19C5189}.Release|Any CPU.ActiveCfg = Release|Any CPU
		{0155F29C-B482-4834-8360-95E0F19C5189}.Release|Any CPU.Build.0 = Release|Any CPU
		{0155F29C-B482-4834-8360-95E0F19C5189}.Release|ARM.ActiveCfg = Release|Any CPU
		{0155F29C-B482-4834-8360-95E0F19C5189}.Release|ARM.Build.0 = Release|Any CPU
		{0155F29C-B482-4834-8360-95E0F19C5189}.Release|iPhone.ActiveCfg = Release|Any CPU
		{0155F29C-B482-4834-8360-95E0F19C5189}.Release|iPhone.Build.0 = Release|Any CPU
		{0155F29C-B482-4834-8360-95E0F19C5189}.Release|iPhoneSimulator.ActiveCfg = Release|Any CPU
		{0155F29C-B482-4834-8360-95E0F19C5189}.Release|iPhoneSimulator.Build.0 = Release|Any CPU
		{0155F29C-B482-4834-8360-95E0F19C5189}.Release|x64.ActiveCfg = Release|Any CPU
		{0155F29C-B482-4834-8360-95E0F19C5189}.Release|x64.Build.0 = Release|Any CPU
		{0155F29C-B482-4834-8360-95E0F19C5189}.Release|x86.ActiveCfg = Release|Any CPU
		{0155F29C-B482-4834-8360-95E0F19C5189}.Release|x86.Build.0 = Release|Any CPU
		{07F43D69-4680-4AE1-8A8C-337B9184210B}.Ad-Hoc|Any CPU.ActiveCfg = Release|Any CPU
		{07F43D69-4680-4AE1-8A8C-337B9184210B}.Ad-Hoc|Any CPU.Build.0 = Release|Any CPU
		{07F43D69-4680-4AE1-8A8C-337B9184210B}.Ad-Hoc|Any CPU.Deploy.0 = Release|Any CPU
		{07F43D69-4680-4AE1-8A8C-337B9184210B}.Ad-Hoc|ARM.ActiveCfg = Release|Any CPU
		{07F43D69-4680-4AE1-8A8C-337B9184210B}.Ad-Hoc|ARM.Build.0 = Release|Any CPU
		{07F43D69-4680-4AE1-8A8C-337B9184210B}.Ad-Hoc|ARM.Deploy.0 = Release|Any CPU
		{07F43D69-4680-4AE1-8A8C-337B9184210B}.Ad-Hoc|iPhone.ActiveCfg = Release|Any CPU
		{07F43D69-4680-4AE1-8A8C-337B9184210B}.Ad-Hoc|iPhone.Build.0 = Release|Any CPU
		{07F43D69-4680-4AE1-8A8C-337B9184210B}.Ad-Hoc|iPhone.Deploy.0 = Release|Any CPU
		{07F43D69-4680-4AE1-8A8C-337B9184210B}.Ad-Hoc|iPhoneSimulator.ActiveCfg = Release|Any CPU
		{07F43D69-4680-4AE1-8A8C-337B9184210B}.Ad-Hoc|iPhoneSimulator.Build.0 = Release|Any CPU
		{07F43D69-4680-4AE1-8A8C-337B9184210B}.Ad-Hoc|iPhoneSimulator.Deploy.0 = Release|Any CPU
		{07F43D69-4680-4AE1-8A8C-337B9184210B}.Ad-Hoc|x64.ActiveCfg = Release|Any CPU
		{07F43D69-4680-4AE1-8A8C-337B9184210B}.Ad-Hoc|x64.Build.0 = Release|Any CPU
		{07F43D69-4680-4AE1-8A8C-337B9184210B}.Ad-Hoc|x64.Deploy.0 = Release|Any CPU
		{07F43D69-4680-4AE1-8A8C-337B9184210B}.Ad-Hoc|x86.ActiveCfg = Release|Any CPU
		{07F43D69-4680-4AE1-8A8C-337B9184210B}.Ad-Hoc|x86.Build.0 = Release|Any CPU
		{07F43D69-4680-4AE1-8A8C-337B9184210B}.Ad-Hoc|x86.Deploy.0 = Release|Any CPU
		{07F43D69-4680-4AE1-8A8C-337B9184210B}.AppStore|Any CPU.ActiveCfg = Release|Any CPU
		{07F43D69-4680-4AE1-8A8C-337B9184210B}.AppStore|Any CPU.Build.0 = Release|Any CPU
		{07F43D69-4680-4AE1-8A8C-337B9184210B}.AppStore|Any CPU.Deploy.0 = Release|Any CPU
		{07F43D69-4680-4AE1-8A8C-337B9184210B}.AppStore|ARM.ActiveCfg = Release|Any CPU
		{07F43D69-4680-4AE1-8A8C-337B9184210B}.AppStore|ARM.Build.0 = Release|Any CPU
		{07F43D69-4680-4AE1-8A8C-337B9184210B}.AppStore|ARM.Deploy.0 = Release|Any CPU
		{07F43D69-4680-4AE1-8A8C-337B9184210B}.AppStore|iPhone.ActiveCfg = Release|Any CPU
		{07F43D69-4680-4AE1-8A8C-337B9184210B}.AppStore|iPhone.Build.0 = Release|Any CPU
		{07F43D69-4680-4AE1-8A8C-337B9184210B}.AppStore|iPhone.Deploy.0 = Release|Any CPU
		{07F43D69-4680-4AE1-8A8C-337B9184210B}.AppStore|iPhoneSimulator.ActiveCfg = Release|Any CPU
		{07F43D69-4680-4AE1-8A8C-337B9184210B}.AppStore|iPhoneSimulator.Build.0 = Release|Any CPU
		{07F43D69-4680-4AE1-8A8C-337B9184210B}.AppStore|iPhoneSimulator.Deploy.0 = Release|Any CPU
		{07F43D69-4680-4AE1-8A8C-337B9184210B}.AppStore|x64.ActiveCfg = Release|Any CPU
		{07F43D69-4680-4AE1-8A8C-337B9184210B}.AppStore|x64.Build.0 = Release|Any CPU
		{07F43D69-4680-4AE1-8A8C-337B9184210B}.AppStore|x64.Deploy.0 = Release|Any CPU
		{07F43D69-4680-4AE1-8A8C-337B9184210B}.AppStore|x86.ActiveCfg = Release|Any CPU
		{07F43D69-4680-4AE1-8A8C-337B9184210B}.AppStore|x86.Build.0 = Release|Any CPU
		{07F43D69-4680-4AE1-8A8C-337B9184210B}.AppStore|x86.Deploy.0 = Release|Any CPU
		{07F43D69-4680-4AE1-8A8C-337B9184210B}.Debug|Any CPU.ActiveCfg = Debug|Any CPU
		{07F43D69-4680-4AE1-8A8C-337B9184210B}.Debug|Any CPU.Build.0 = Debug|Any CPU
		{07F43D69-4680-4AE1-8A8C-337B9184210B}.Debug|Any CPU.Deploy.0 = Debug|Any CPU
		{07F43D69-4680-4AE1-8A8C-337B9184210B}.Debug|ARM.ActiveCfg = Debug|Any CPU
		{07F43D69-4680-4AE1-8A8C-337B9184210B}.Debug|ARM.Build.0 = Debug|Any CPU
		{07F43D69-4680-4AE1-8A8C-337B9184210B}.Debug|ARM.Deploy.0 = Debug|Any CPU
		{07F43D69-4680-4AE1-8A8C-337B9184210B}.Debug|iPhone.ActiveCfg = Debug|Any CPU
		{07F43D69-4680-4AE1-8A8C-337B9184210B}.Debug|iPhone.Build.0 = Debug|Any CPU
		{07F43D69-4680-4AE1-8A8C-337B9184210B}.Debug|iPhone.Deploy.0 = Debug|Any CPU
		{07F43D69-4680-4AE1-8A8C-337B9184210B}.Debug|iPhoneSimulator.ActiveCfg = Debug|Any CPU
		{07F43D69-4680-4AE1-8A8C-337B9184210B}.Debug|iPhoneSimulator.Build.0 = Debug|Any CPU
		{07F43D69-4680-4AE1-8A8C-337B9184210B}.Debug|iPhoneSimulator.Deploy.0 = Debug|Any CPU
		{07F43D69-4680-4AE1-8A8C-337B9184210B}.Debug|x64.ActiveCfg = Debug|Any CPU
		{07F43D69-4680-4AE1-8A8C-337B9184210B}.Debug|x64.Build.0 = Debug|Any CPU
		{07F43D69-4680-4AE1-8A8C-337B9184210B}.Debug|x64.Deploy.0 = Debug|Any CPU
		{07F43D69-4680-4AE1-8A8C-337B9184210B}.Debug|x86.ActiveCfg = Debug|Any CPU
		{07F43D69-4680-4AE1-8A8C-337B9184210B}.Debug|x86.Build.0 = Debug|Any CPU
		{07F43D69-4680-4AE1-8A8C-337B9184210B}.Debug|x86.Deploy.0 = Debug|Any CPU
		{07F43D69-4680-4AE1-8A8C-337B9184210B}.Release|Any CPU.ActiveCfg = Release|Any CPU
		{07F43D69-4680-4AE1-8A8C-337B9184210B}.Release|Any CPU.Build.0 = Release|Any CPU
		{07F43D69-4680-4AE1-8A8C-337B9184210B}.Release|Any CPU.Deploy.0 = Release|Any CPU
		{07F43D69-4680-4AE1-8A8C-337B9184210B}.Release|ARM.ActiveCfg = Release|Any CPU
		{07F43D69-4680-4AE1-8A8C-337B9184210B}.Release|ARM.Build.0 = Release|Any CPU
		{07F43D69-4680-4AE1-8A8C-337B9184210B}.Release|ARM.Deploy.0 = Release|Any CPU
		{07F43D69-4680-4AE1-8A8C-337B9184210B}.Release|iPhone.ActiveCfg = Release|Any CPU
		{07F43D69-4680-4AE1-8A8C-337B9184210B}.Release|iPhone.Build.0 = Release|Any CPU
		{07F43D69-4680-4AE1-8A8C-337B9184210B}.Release|iPhone.Deploy.0 = Release|Any CPU
		{07F43D69-4680-4AE1-8A8C-337B9184210B}.Release|iPhoneSimulator.ActiveCfg = Release|Any CPU
		{07F43D69-4680-4AE1-8A8C-337B9184210B}.Release|iPhoneSimulator.Build.0 = Release|Any CPU
		{07F43D69-4680-4AE1-8A8C-337B9184210B}.Release|iPhoneSimulator.Deploy.0 = Release|Any CPU
		{07F43D69-4680-4AE1-8A8C-337B9184210B}.Release|x64.ActiveCfg = Release|Any CPU
		{07F43D69-4680-4AE1-8A8C-337B9184210B}.Release|x64.Build.0 = Release|Any CPU
		{07F43D69-4680-4AE1-8A8C-337B9184210B}.Release|x64.Deploy.0 = Release|Any CPU
		{07F43D69-4680-4AE1-8A8C-337B9184210B}.Release|x86.ActiveCfg = Release|Any CPU
		{07F43D69-4680-4AE1-8A8C-337B9184210B}.Release|x86.Build.0 = Release|Any CPU
		{07F43D69-4680-4AE1-8A8C-337B9184210B}.Release|x86.Deploy.0 = Release|Any CPU
		{80A96B52-6758-4BDB-B0B4-CEA4CA155C60}.Ad-Hoc|Any CPU.ActiveCfg = Release|iPhone
		{80A96B52-6758-4BDB-B0B4-CEA4CA155C60}.Ad-Hoc|Any CPU.Build.0 = Release|iPhone
		{80A96B52-6758-4BDB-B0B4-CEA4CA155C60}.Ad-Hoc|ARM.ActiveCfg = Release|iPhone
		{80A96B52-6758-4BDB-B0B4-CEA4CA155C60}.Ad-Hoc|ARM.Build.0 = Release|iPhone
		{80A96B52-6758-4BDB-B0B4-CEA4CA155C60}.Ad-Hoc|iPhone.ActiveCfg = Release|iPhone
		{80A96B52-6758-4BDB-B0B4-CEA4CA155C60}.Ad-Hoc|iPhone.Build.0 = Release|iPhone
		{80A96B52-6758-4BDB-B0B4-CEA4CA155C60}.Ad-Hoc|iPhoneSimulator.ActiveCfg = Release|iPhoneSimulator
		{80A96B52-6758-4BDB-B0B4-CEA4CA155C60}.Ad-Hoc|iPhoneSimulator.Build.0 = Release|iPhoneSimulator
		{80A96B52-6758-4BDB-B0B4-CEA4CA155C60}.Ad-Hoc|x64.ActiveCfg = Release|iPhone
		{80A96B52-6758-4BDB-B0B4-CEA4CA155C60}.Ad-Hoc|x64.Build.0 = Release|iPhone
		{80A96B52-6758-4BDB-B0B4-CEA4CA155C60}.Ad-Hoc|x86.ActiveCfg = Release|iPhone
		{80A96B52-6758-4BDB-B0B4-CEA4CA155C60}.Ad-Hoc|x86.Build.0 = Release|iPhone
		{80A96B52-6758-4BDB-B0B4-CEA4CA155C60}.AppStore|Any CPU.ActiveCfg = Release|iPhone
		{80A96B52-6758-4BDB-B0B4-CEA4CA155C60}.AppStore|Any CPU.Build.0 = Release|iPhone
		{80A96B52-6758-4BDB-B0B4-CEA4CA155C60}.AppStore|ARM.ActiveCfg = Release|iPhone
		{80A96B52-6758-4BDB-B0B4-CEA4CA155C60}.AppStore|ARM.Build.0 = Release|iPhone
		{80A96B52-6758-4BDB-B0B4-CEA4CA155C60}.AppStore|iPhone.ActiveCfg = Release|iPhone
		{80A96B52-6758-4BDB-B0B4-CEA4CA155C60}.AppStore|iPhone.Build.0 = Release|iPhone
		{80A96B52-6758-4BDB-B0B4-CEA4CA155C60}.AppStore|iPhoneSimulator.ActiveCfg = Release|iPhoneSimulator
		{80A96B52-6758-4BDB-B0B4-CEA4CA155C60}.AppStore|iPhoneSimulator.Build.0 = Release|iPhoneSimulator
		{80A96B52-6758-4BDB-B0B4-CEA4CA155C60}.AppStore|x64.ActiveCfg = Release|iPhone
		{80A96B52-6758-4BDB-B0B4-CEA4CA155C60}.AppStore|x64.Build.0 = Release|iPhone
		{80A96B52-6758-4BDB-B0B4-CEA4CA155C60}.AppStore|x86.ActiveCfg = Release|iPhone
		{80A96B52-6758-4BDB-B0B4-CEA4CA155C60}.AppStore|x86.Build.0 = Release|iPhone
		{80A96B52-6758-4BDB-B0B4-CEA4CA155C60}.Debug|Any CPU.ActiveCfg = Debug|iPhone
		{80A96B52-6758-4BDB-B0B4-CEA4CA155C60}.Debug|ARM.ActiveCfg = Debug|iPhone
		{80A96B52-6758-4BDB-B0B4-CEA4CA155C60}.Debug|iPhone.ActiveCfg = Debug|iPhone
		{80A96B52-6758-4BDB-B0B4-CEA4CA155C60}.Debug|iPhone.Build.0 = Debug|iPhone
		{80A96B52-6758-4BDB-B0B4-CEA4CA155C60}.Debug|iPhoneSimulator.ActiveCfg = Debug|iPhoneSimulator
		{80A96B52-6758-4BDB-B0B4-CEA4CA155C60}.Debug|iPhoneSimulator.Build.0 = Debug|iPhoneSimulator
		{80A96B52-6758-4BDB-B0B4-CEA4CA155C60}.Debug|x64.ActiveCfg = Debug|iPhone
		{80A96B52-6758-4BDB-B0B4-CEA4CA155C60}.Debug|x86.ActiveCfg = Debug|iPhone
		{80A96B52-6758-4BDB-B0B4-CEA4CA155C60}.Release|Any CPU.ActiveCfg = Release|iPhone
		{80A96B52-6758-4BDB-B0B4-CEA4CA155C60}.Release|ARM.ActiveCfg = Release|iPhone
		{80A96B52-6758-4BDB-B0B4-CEA4CA155C60}.Release|iPhone.ActiveCfg = Release|iPhone
		{80A96B52-6758-4BDB-B0B4-CEA4CA155C60}.Release|iPhone.Build.0 = Release|iPhone
		{80A96B52-6758-4BDB-B0B4-CEA4CA155C60}.Release|iPhoneSimulator.ActiveCfg = Release|iPhoneSimulator
		{80A96B52-6758-4BDB-B0B4-CEA4CA155C60}.Release|iPhoneSimulator.Build.0 = Release|iPhoneSimulator
		{80A96B52-6758-4BDB-B0B4-CEA4CA155C60}.Release|x64.ActiveCfg = Release|iPhone
		{80A96B52-6758-4BDB-B0B4-CEA4CA155C60}.Release|x86.ActiveCfg = Release|iPhone
	EndGlobalSection
	GlobalSection(SolutionProperties) = preSolution
		HideSolutionNode = FALSE
	EndGlobalSection
	GlobalSection(NestedProjects) = preSolution
		{036F8B0D-93EF-4B47-A6F7-2BF3841A66BE} = {18D75F9C-1DB2-4033-A2C0-F37D4E51887B}
		{2CD96ECC-513B-4168-867C-2B07605682C4} = {68EFF120-962C-4AC8-8525-1FC7A08C8E39}
		{1140167C-D6A0-484D-93D8-88834B1A93B7} = {68EFF120-962C-4AC8-8525-1FC7A08C8E39}
		{A19D8B62-B3B1-462D-87C6-B105A4C145C6} = {2CD96ECC-513B-4168-867C-2B07605682C4}
		{26432457-4BDD-4DA6-A15A-66C14EDCAB60} = {2CD96ECC-513B-4168-867C-2B07605682C4}
		{7BE3B9C6-3113-4A05-849D-165FE728A9AB} = {2CD96ECC-513B-4168-867C-2B07605682C4}
		{1EEF042D-BBE7-4185-BE19-849A023E4163} = {2CD96ECC-513B-4168-867C-2B07605682C4}
		{0155F29C-B482-4834-8360-95E0F19C5189} = {1140167C-D6A0-484D-93D8-88834B1A93B7}
		{07F43D69-4680-4AE1-8A8C-337B9184210B} = {1140167C-D6A0-484D-93D8-88834B1A93B7}
		{80A96B52-6758-4BDB-B0B4-CEA4CA155C60} = {1140167C-D6A0-484D-93D8-88834B1A93B7}
	EndGlobalSection
	GlobalSection(ExtensibilityGlobals) = postSolution
		SolutionGuid = {FD1E3A9A-2AF8-45CE-A0A4-3E1B51113792}
	EndGlobalSection
EndGlobal
